
Microsoft Visual Studio Solution File, Format Version 12.00
# Visual Studio Version 17
VisualStudioVersion = 17.11.35208.52
MinimumVisualStudioVersion = 10.0.40219.1
Project("{888888A0-9F3D-457C-B088-3A5042F75D52}") = "teste pytn", "teste pytn\teste pytn.pyproj", "{8D27BA43-178F-4AA4-B484-B5A4CD185D5B}"
EndProject
Global
	GlobalSection(SolutionConfigurationPlatforms) = preSolution
		Debug|Any CPU = Debug|Any CPU
		Release|Any CPU = Release|Any CPU
	EndGlobalSection
	GlobalSection(ProjectConfigurationPlatforms) = postSolution
		{8D27BA43-178F-4AA4-B484-B5A4CD185D5B}.Debug|Any CPU.ActiveCfg = Debug|Any CPU
		{8D27BA43-178F-4AA4-B484-B5A4CD185D5B}.Release|Any CPU.ActiveCfg = Release|Any CPU
	EndGlobalSection
	GlobalSection(SolutionProperties) = preSolution
		HideSolutionNode = FALSE
	EndGlobalSection
	GlobalSection(ExtensibilityGlobals) = postSolution
		SolutionGuid = {F68B9FF8-A8B7-46B7-86F4-4790D34D83B0}
	EndGlobalSection
EndGlobal
